
Microsoft Visual Studio Solution File, Format Version 12.00
# Visual Studio Version 17
VisualStudioVersion = 17.13.35931.197 d17.13
MinimumVisualStudioVersion = 10.0.40219.1
Project("{FAE04EC0-301F-11D3-BF4B-00C04F79EFBC}") = "Exam_01", "Exam_01\Exam_01.csproj", "{DFC73AEF-41A1-4469-983B-FD0CF7CB3020}"
EndProject
Global
	GlobalSection(SolutionConfigurationPlatforms) = preSolution
		Debug|Any CPU = Debug|Any CPU
		Release|Any CPU = Release|Any CPU
	EndGlobalSection
	GlobalSection(ProjectConfigurationPlatforms) = postSolution
		{DFC73AEF-41A1-4469-983B-FD0CF7CB3020}.Debug|Any CPU.ActiveCfg = Debug|Any CPU
		{DFC73AEF-41A1-4469-983B-FD0CF7CB3020}.Debug|Any CPU.Build.0 = Debug|Any CPU
		{DFC73AEF-41A1-4469-983B-FD0CF7CB3020}.Release|Any CPU.ActiveCfg = Release|Any CPU
		{DFC73AEF-41A1-4469-983B-FD0CF7CB3020}.Release|Any CPU.Build.0 = Release|Any CPU
	EndGlobalSection
	GlobalSection(SolutionProperties) = preSolution
		HideSolutionNode = FALSE
	EndGlobalSection
	GlobalSection(ExtensibilityGlobals) = postSolution
		SolutionGuid = {07DBB50A-FF44-4FBA-A392-56E6BB77498F}
	EndGlobalSection
EndGlobal
